
Microsoft Visual Studio Solution File, Format Version 12.00
# Visual Studio 14
VisualStudioVersion = 14.0.23107.0
MinimumVisualStudioVersion = 10.0.40219.1
Project("{FAE04EC0-301F-11D3-BF4B-00C04F79EFBC}") = "Cadena", "Cadena\Cadena.csproj", "{6B69921E-5817-4730-BC51-B71CD0B24CF1}"
EndProject
Project("{FAE04EC0-301F-11D3-BF4B-00C04F79EFBC}") = "Cadena.Test", "Cadena.Test\Cadena.Test.csproj", "{37B8226A-37E7-4F75-963D-326FE3BE51E7}"
EndProject
Global
	GlobalSection(SolutionConfigurationPlatforms) = preSolution
		Debug|Any CPU = Debug|Any CPU
		Release|Any CPU = Release|Any CPU
	EndGlobalSection
	GlobalSection(ProjectConfigurationPlatforms) = postSolution
		{6B69921E-5817-4730-BC51-B71CD0B24CF1}.Debug|Any CPU.ActiveCfg = Debug|Any CPU
		{6B69921E-5817-4730-BC51-B71CD0B24CF1}.Debug|Any CPU.Build.0 = Debug|Any CPU
		{6B69921E-5817-4730-BC51-B71CD0B24CF1}.Release|Any CPU.ActiveCfg = Release|Any CPU
		{6B69921E-5817-4730-BC51-B71CD0B24CF1}.Release|Any CPU.Build.0 = Release|Any CPU
		{37B8226A-37E7-4F75-963D-326FE3BE51E7}.Debug|Any CPU.ActiveCfg = Debug|Any CPU
		{37B8226A-37E7-4F75-963D-326FE3BE51E7}.Debug|Any CPU.Build.0 = Debug|Any CPU
		{37B8226A-37E7-4F75-963D-326FE3BE51E7}.Release|Any CPU.ActiveCfg = Release|Any CPU
		{37B8226A-37E7-4F75-963D-326FE3BE51E7}.Release|Any CPU.Build.0 = Release|Any CPU
	EndGlobalSection
	GlobalSection(SolutionProperties) = preSolution
		HideSolutionNode = FALSE
	EndGlobalSection
EndGlobal
